
Microsoft Visual Studio Solution File, Format Version 12.00
# Visual Studio Version 17
VisualStudioVersion = 17.3.32922.545
MinimumVisualStudioVersion = 10.0.40219.1
Project("{FAE04EC0-301F-11D3-BF4B-00C04F79EFBC}") = "Lesson_Task1", "Lesson_Task1\Lesson_Task1.csproj", "{1735BC49-1FC9-4EAF-A709-7A81483A0252}"
EndProject
Project("{FAE04EC0-301F-11D3-BF4B-00C04F79EFBC}") = "Lesson_Task2", "Lesson_Task2\Lesson_Task2.csproj", "{F7424A8D-7D07-48DA-8491-EDA6549D78A0}"
EndProject
Project("{FAE04EC0-301F-11D3-BF4B-00C04F79EFBC}") = "Lesson_Task3", "Lesson_Task3\Lesson_Task3.csproj", "{BD526444-8E18-4D04-8EB4-CED28187EDD7}"
EndProject
Project("{FAE04EC0-301F-11D3-BF4B-00C04F79EFBC}") = "H_W_Task1", "H_W_Task1\H_W_Task1.csproj", "{3EDDD0BA-50F4-4B18-B5F8-1FEAF772D55E}"
EndProject
Project("{FAE04EC0-301F-11D3-BF4B-00C04F79EFBC}") = "H_W_Task2", "H_W_Task2\H_W_Task2.csproj", "{B9882A6B-89DA-4B60-9CAB-172C3F4092E3}"
EndProject
Project("{FAE04EC0-301F-11D3-BF4B-00C04F79EFBC}") = "H_W_Task3", "H_W_Task3\H_W_Task3.csproj", "{CBA698E0-273F-4D6B-AE55-E871FEAE3886}"
EndProject
Global
	GlobalSection(SolutionConfigurationPlatforms) = preSolution
		Debug|Any CPU = Debug|Any CPU
		Release|Any CPU = Release|Any CPU
	EndGlobalSection
	GlobalSection(ProjectConfigurationPlatforms) = postSolution
		{1735BC49-1FC9-4EAF-A709-7A81483A0252}.Debug|Any CPU.ActiveCfg = Debug|Any CPU
		{1735BC49-1FC9-4EAF-A709-7A81483A0252}.Debug|Any CPU.Build.0 = Debug|Any CPU
		{1735BC49-1FC9-4EAF-A709-7A81483A0252}.Release|Any CPU.ActiveCfg = Release|Any CPU
		{1735BC49-1FC9-4EAF-A709-7A81483A0252}.Release|Any CPU.Build.0 = Release|Any CPU
		{F7424A8D-7D07-48DA-8491-EDA6549D78A0}.Debug|Any CPU.ActiveCfg = Debug|Any CPU
		{F7424A8D-7D07-48DA-8491-EDA6549D78A0}.Debug|Any CPU.Build.0 = Debug|Any CPU
		{F7424A8D-7D07-48DA-8491-EDA6549D78A0}.Release|Any CPU.ActiveCfg = Release|Any CPU
		{F7424A8D-7D07-48DA-8491-EDA6549D78A0}.Release|Any CPU.Build.0 = Release|Any CPU
		{BD526444-8E18-4D04-8EB4-CED28187EDD7}.Debug|Any CPU.ActiveCfg = Debug|Any CPU
		{BD526444-8E18-4D04-8EB4-CED28187EDD7}.Debug|Any CPU.Build.0 = Debug|Any CPU
		{BD526444-8E18-4D04-8EB4-CED28187EDD7}.Release|Any CPU.ActiveCfg = Release|Any CPU
		{BD526444-8E18-4D04-8EB4-CED28187EDD7}.Release|Any CPU.Build.0 = Release|Any CPU
		{3EDDD0BA-50F4-4B18-B5F8-1FEAF772D55E}.Debug|Any CPU.ActiveCfg = Debug|Any CPU
		{3EDDD0BA-50F4-4B18-B5F8-1FEAF772D55E}.Debug|Any CPU.Build.0 = Debug|Any CPU
		{3EDDD0BA-50F4-4B18-B5F8-1FEAF772D55E}.Release|Any CPU.ActiveCfg = Release|Any CPU
		{3EDDD0BA-50F4-4B18-B5F8-1FEAF772D55E}.Release|Any CPU.Build.0 = Release|Any CPU
		{B9882A6B-89DA-4B60-9CAB-172C3F4092E3}.Debug|Any CPU.ActiveCfg = Debug|Any CPU
		{B9882A6B-89DA-4B60-9CAB-172C3F4092E3}.Debug|Any CPU.Build.0 = Debug|Any CPU
		{B9882A6B-89DA-4B60-9CAB-172C3F4092E3}.Release|Any CPU.ActiveCfg = Release|Any CPU
		{B9882A6B-89DA-4B60-9CAB-172C3F4092E3}.Release|Any CPU.Build.0 = Release|Any CPU
		{CBA698E0-273F-4D6B-AE55-E871FEAE3886}.Debug|Any CPU.ActiveCfg = Debug|Any CPU
		{CBA698E0-273F-4D6B-AE55-E871FEAE3886}.Debug|Any CPU.Build.0 = Debug|Any CPU
		{CBA698E0-273F-4D6B-AE55-E871FEAE3886}.Release|Any CPU.ActiveCfg = Release|Any CPU
		{CBA698E0-273F-4D6B-AE55-E871FEAE3886}.Release|Any CPU.Build.0 = Release|Any CPU
	EndGlobalSection
	GlobalSection(SolutionProperties) = preSolution
		HideSolutionNode = FALSE
	EndGlobalSection
	GlobalSection(ExtensibilityGlobals) = postSolution
		SolutionGuid = {4714B3DE-9D47-420A-AC54-C7E4723D1A4F}
	EndGlobalSection
EndGlobal
