
Microsoft Visual Studio Solution File, Format Version 12.00
# Visual Studio Version 17
VisualStudioVersion = 17.3.32922.545
MinimumVisualStudioVersion = 10.0.40219.1
Project("{FAE04EC0-301F-11D3-BF4B-00C04F79EFBC}") = "Lesson_Task1", "Lesson_Task1\Lesson_Task1.csproj", "{1735BC49-1FC9-4EAF-A709-7A81483A0252}"
EndProject
Project("{FAE04EC0-301F-11D3-BF4B-00C04F79EFBC}") = "Lesson_Task2", "Lesson_Task2\Lesson_Task2.csproj", "{F7424A8D-7D07-48DA-8491-EDA6549D78A0}"
EndProject
Global
	GlobalSection(SolutionConfigurationPlatforms) = preSolution
		Debug|Any CPU = Debug|Any CPU
		Release|Any CPU = Release|Any CPU
	EndGlobalSection
	GlobalSection(ProjectConfigurationPlatforms) = postSolution
		{1735BC49-1FC9-4EAF-A709-7A81483A0252}.Debug|Any CPU.ActiveCfg = Debug|Any CPU
		{1735BC49-1FC9-4EAF-A709-7A81483A0252}.Debug|Any CPU.Build.0 = Debug|Any CPU
		{1735BC49-1FC9-4EAF-A709-7A81483A0252}.Release|Any CPU.ActiveCfg = Release|Any CPU
		{1735BC49-1FC9-4EAF-A709-7A81483A0252}.Release|Any CPU.Build.0 = Release|Any CPU
		{F7424A8D-7D07-48DA-8491-EDA6549D78A0}.Debug|Any CPU.ActiveCfg = Debug|Any CPU
		{F7424A8D-7D07-48DA-8491-EDA6549D78A0}.Debug|Any CPU.Build.0 = Debug|Any CPU
		{F7424A8D-7D07-48DA-8491-EDA6549D78A0}.Release|Any CPU.ActiveCfg = Release|Any CPU
		{F7424A8D-7D07-48DA-8491-EDA6549D78A0}.Release|Any CPU.Build.0 = Release|Any CPU
	EndGlobalSection
	GlobalSection(SolutionProperties) = preSolution
		HideSolutionNode = FALSE
	EndGlobalSection
	GlobalSection(ExtensibilityGlobals) = postSolution
		SolutionGuid = {4714B3DE-9D47-420A-AC54-C7E4723D1A4F}
	EndGlobalSection
EndGlobal
